
Microsoft Visual Studio Solution File, Format Version 12.00
# Visual Studio Version 17
VisualStudioVersion = 17.4.33103.184
MinimumVisualStudioVersion = 10.0.40219.1
Project("{FAE04EC0-301F-11D3-BF4B-00C04F79EFBC}") = "GlumSak-PasteCreator", "GlumSak-PasteCreator.csproj", "{F9FB1DB7-3E85-46F6-9319-926CF5B7F863}"
EndProject
Global
	GlobalSection(SolutionConfigurationPlatforms) = preSolution
		Debug|Any CPU = Debug|Any CPU
		Release|Any CPU = Release|Any CPU
	EndGlobalSection
	GlobalSection(ProjectConfigurationPlatforms) = postSolution
		{F9FB1DB7-3E85-46F6-9319-926CF5B7F863}.Debug|Any CPU.ActiveCfg = Debug|Any CPU
		{F9FB1DB7-3E85-46F6-9319-926CF5B7F863}.Debug|Any CPU.Build.0 = Debug|Any CPU
		{F9FB1DB7-3E85-46F6-9319-926CF5B7F863}.Release|Any CPU.ActiveCfg = Release|Any CPU
		{F9FB1DB7-3E85-46F6-9319-926CF5B7F863}.Release|Any CPU.Build.0 = Release|Any CPU
	EndGlobalSection
	GlobalSection(SolutionProperties) = preSolution
		HideSolutionNode = FALSE
	EndGlobalSection
	GlobalSection(ExtensibilityGlobals) = postSolution
		SolutionGuid = {4DB89332-626A-48FC-B039-3CAFB3C33B2E}
	EndGlobalSection
EndGlobal
